Microsoft Visual Studio Solution File, Format Version 12.00
# Visual Studio Version 17
VisualStudioVersion = 17.5.2.0
MinimumVisualStudioVersion = 10.0.40219.1
Project("{FAE04EC0-301F-11D3-BF4B-00C04F79EFBC}") = "FlightManagement", "FlightManagement.csproj", "{B58909C4-C7D1-146F-6D03-ED92E0AE81C9}"
EndProject
Global
	GlobalSection(SolutionConfigurationPlatforms) = preSolution
		Debug|Any CPU = Debug|Any CPU
		Release|Any CPU = Release|Any CPU
	EndGlobalSection
	GlobalSection(ProjectConfigurationPlatforms) = postSolution
		{B58909C4-C7D1-146F-6D03-ED92E0AE81C9}.Debug|Any CPU.ActiveCfg = Debug|Any CPU
		{B58909C4-C7D1-146F-6D03-ED92E0AE81C9}.Debug|Any CPU.Build.0 = Debug|Any CPU
		{B58909C4-C7D1-146F-6D03-ED92E0AE81C9}.Release|Any CPU.ActiveCfg = Release|Any CPU
		{B58909C4-C7D1-146F-6D03-ED92E0AE81C9}.Release|Any CPU.Build.0 = Release|Any CPU
	EndGlobalSection
	GlobalSection(SolutionProperties) = preSolution
		HideSolutionNode = FALSE
	EndGlobalSection
	GlobalSection(ExtensibilityGlobals) = postSolution
		SolutionGuid = {D4E4F983-1FCA-4A0E-9C3C-21F3156EB1F6}
	EndGlobalSection
EndGlobal
